
Microsoft Visual Studio Solution File, Format Version 12.00
# Visual Studio Version 16
VisualStudioVersion = 16.0.29709.97
MinimumVisualStudioVersion = 10.0.40219.1
Project("{FAE04EC0-301F-11D3-BF4B-00C04F79EFBC}") = "Exam", "Exam\Exam.csproj", "{556F40CC-B320-4B02-8C04-07A63BF7E1B7}"
EndProject
Global
	GlobalSection(SolutionConfigurationPlatforms) = preSolution
		Debug|Any CPU = Debug|Any CPU
		Release|Any CPU = Release|Any CPU
	EndGlobalSection
	GlobalSection(ProjectConfigurationPlatforms) = postSolution
		{556F40CC-B320-4B02-8C04-07A63BF7E1B7}.Debug|Any CPU.ActiveCfg = Debug|Any CPU
		{556F40CC-B320-4B02-8C04-07A63BF7E1B7}.Debug|Any CPU.Build.0 = Debug|Any CPU
		{556F40CC-B320-4B02-8C04-07A63BF7E1B7}.Release|Any CPU.ActiveCfg = Release|Any CPU
		{556F40CC-B320-4B02-8C04-07A63BF7E1B7}.Release|Any CPU.Build.0 = Release|Any CPU
	EndGlobalSection
	GlobalSection(SolutionProperties) = preSolution
		HideSolutionNode = FALSE
	EndGlobalSection
	GlobalSection(ExtensibilityGlobals) = postSolution
		SolutionGuid = {8A9D4DB1-6F02-4F71-B56F-B62791E233F9}
	EndGlobalSection
EndGlobal
